// !$*UTF8*$!
{
	archiveVersion = 1;
	classes = {
	};
	objectVersion = 55;
	objects = {

/* Begin PBXBuildFile section */
		60AF39E08314FB21D1B3788F /* Pods_instagramTests.framework in Frameworks */ = {isa = PBXBuildFile; fileRef = 4564876138C42CB6A22BB0CA /* Pods_instagramTests.framework */; };
		98424E06286A338B00110BE1 /* LoginViewController.m in Sources */ = {isa = PBXBuildFile; fileRef = 98424E05286A338B00110BE1 /* LoginViewController.m */; };
		98424E0B286A412000110BE1 /* HomeViewController.m in Sources */ = {isa = PBXBuildFile; fileRef = 98424E0A286A412000110BE1 /* HomeViewController.m */; };
		98424E0F286A414200110BE1 /* ComposeViewController.m in Sources */ = {isa = PBXBuildFile; fileRef = 98424E0E286A414200110BE1 /* ComposeViewController.m */; };
		98424E12286A414D00110BE1 /* ProfileViewController.m in Sources */ = {isa = PBXBuildFile; fileRef = 98424E11286A414D00110BE1 /* ProfileViewController.m */; };
		985FC57D286A2A1B0023F5FE /* AppDelegate.m in Sources */ = {isa = PBXBuildFile; fileRef = 985FC57C286A2A1B0023F5FE /* AppDelegate.m */; };
		985FC580286A2A1B0023F5FE /* SceneDelegate.m in Sources */ = {isa = PBXBuildFile; fileRef = 985FC57F286A2A1B0023F5FE /* SceneDelegate.m */; };
		985FC586286A2A1B0023F5FE /* Main.storyboard in Resources */ = {isa = PBXBuildFile; fileRef = 985FC584286A2A1B0023F5FE /* Main.storyboard */; };
		985FC588286A2A1B0023F5FE /* Assets.xcassets in Resources */ = {isa = PBXBuildFile; fileRef = 985FC587286A2A1B0023F5FE /* Assets.xcassets */; };
		985FC58B286A2A1B0023F5FE /* LaunchScreen.storyboard in Resources */ = {isa = PBXBuildFile; fileRef = 985FC589286A2A1B0023F5FE /* LaunchScreen.storyboard */; };
		985FC58E286A2A1B0023F5FE /* main.m in Sources */ = {isa = PBXBuildFile; fileRef = 985FC58D286A2A1B0023F5FE /* main.m */; };
		985FC598286A2A1B0023F5FE /* instagramTests.m in Sources */ = {isa = PBXBuildFile; fileRef = 985FC597286A2A1B0023F5FE /* instagramTests.m */; };
		985FC5A2286A2A1B0023F5FE /* instagramUITests.m in Sources */ = {isa = PBXBuildFile; fileRef = 985FC5A1286A2A1B0023F5FE /* instagramUITests.m */; };
		985FC5A4286A2A1B0023F5FE /* instagramUITestsLaunchTests.m in Sources */ = {isa = PBXBuildFile; fileRef = 985FC5A3286A2A1B0023F5FE /* instagramUITestsLaunchTests.m */; };
		98E01084286A4F9E00A8850E /* ViewUtils.m in Sources */ = {isa = PBXBuildFile; fileRef = 98E01083286A4F9E00A8850E /* ViewUtils.m */; };
		98E0108B286A796C00A8850E /* PostTableCell.m in Sources */ = {isa = PBXBuildFile; fileRef = 98E0108A286A796C00A8850E /* PostTableCell.m */; };
		98E01095286C241B00A8850E /* PostModel.m in Sources */ = {isa = PBXBuildFile; fileRef = 98E01094286C241B00A8850E /* PostModel.m */; };
		98E01099286C475300A8850E /* PostDetailsViewController.m in Sources */ = {isa = PBXBuildFile; fileRef = 98E01098286C475300A8850E /* PostDetailsViewController.m */; };
		98E0109C286D070800A8850E /* UserData.m in Sources */ = {isa = PBXBuildFile; fileRef = 98E0109B286D070800A8850E /* UserData.m */; };
		C528D4F432BE5843F30C2B7F /* Pods_instagram_instagramUITests.framework in Frameworks */ = {isa = PBXBuildFile; fileRef = 79CF7E16ACD33BD7CE6159C3 /* Pods_instagram_instagramUITests.framework */; };
		EBAFD8091F7CF4C0B29C09FF /* Pods_instagram.framework in Frameworks */ = {isa = PBXBuildFile; fileRef = 68B07E90C6826B9CE0670A33 /* Pods_instagram.framework */; };
/* End PBXBuildFile section */

/* Begin PBXContainerItemProxy section */
		985FC594286A2A1B0023F5FE /* PBXContainerItemProxy */ = {
			isa = PBXContainerItemProxy;
			containerPortal = 985FC570286A2A1A0023F5FE /* Project object */;
			proxyType = 1;
			remoteGlobalIDString = 985FC577286A2A1B0023F5FE;
			remoteInfo = instagram;
		};
		985FC59E286A2A1B0023F5FE /* PBXContainerItemProxy */ = {
			isa = PBXContainerItemProxy;
			containerPortal = 985FC570286A2A1A0023F5FE /* Project object */;
			proxyType = 1;
			remoteGlobalIDString = 985FC577286A2A1B0023F5FE;
			remoteInfo = instagram;
		};
/* End PBXContainerItemProxy section */

/* Begin PBXFileReference section */
		166E5082ED54352AE457EA89 /* Pods-instagramTests.debug.xcconfig */ = {isa = PBXFileReference; includeInIndex = 1; lastKnownFileType = text.xcconfig; name = "Pods-instagramTests.debug.xcconfig"; path = "Target Support Files/Pods-instagramTests/Pods-instagramTests.debug.xcconfig"; sourceTree = "<group>"; };
		3FDBEF53010F43C6A8363046 /* Pods-instagram.debug.xcconfig */ = {isa = PBXFileReference; includeInIndex = 1; lastKnownFileType = text.xcconfig; name = "Pods-instagram.debug.xcconfig"; path = "Target Support Files/Pods-instagram/Pods-instagram.debug.xcconfig"; sourceTree = "<group>"; };
		4564876138C42CB6A22BB0CA /* Pods_instagramTests.framework */ = {isa = PBXFileReference; explicitFileType = wrapper.framework; includeInIndex = 0; path = Pods_instagramTests.framework; sourceTree = BUILT_PRODUCTS_DIR; };
		68B07E90C6826B9CE0670A33 /* Pods_instagram.framework */ = {isa = PBXFileReference; explicitFileType = wrapper.framework; includeInIndex = 0; path = Pods_instagram.framework; sourceTree = BUILT_PRODUCTS_DIR; };
		79CF7E16ACD33BD7CE6159C3 /* Pods_instagram_instagramUITests.framework */ = {isa = PBXFileReference; explicitFileType = wrapper.framework; includeInIndex = 0; path = Pods_instagram_instagramUITests.framework; sourceTree = BUILT_PRODUCTS_DIR; };
		98424E04286A338B00110BE1 /* LoginViewController.h */ = {isa = PBXFileReference; lastKnownFileType = sourcecode.c.h; path = LoginViewController.h; sourceTree = "<group>"; };
		98424E05286A338B00110BE1 /* LoginViewController.m */ = {isa = PBXFileReference; lastKnownFileType = sourcecode.c.objc; path = LoginViewController.m; sourceTree = "<group>"; };
		98424E09286A412000110BE1 /* HomeViewController.h */ = {isa = PBXFileReference; lastKnownFileType = sourcecode.c.h; path = HomeViewController.h; sourceTree = "<group>"; };
		98424E0A286A412000110BE1 /* HomeViewController.m */ = {isa = PBXFileReference; lastKnownFileType = sourcecode.c.objc; path = HomeViewController.m; sourceTree = "<group>"; };
		98424E0D286A414200110BE1 /* ComposeViewController.h */ = {isa = PBXFileReference; lastKnownFileType = sourcecode.c.h; path = ComposeViewController.h; sourceTree = "<group>"; };
		98424E0E286A414200110BE1 /* ComposeViewController.m */ = {isa = PBXFileReference; lastKnownFileType = sourcecode.c.objc; path = ComposeViewController.m; sourceTree = "<group>"; };
		98424E10286A414D00110BE1 /* ProfileViewController.h */ = {isa = PBXFileReference; lastKnownFileType = sourcecode.c.h; path = ProfileViewController.h; sourceTree = "<group>"; };
		98424E11286A414D00110BE1 /* ProfileViewController.m */ = {isa = PBXFileReference; lastKnownFileType = sourcecode.c.objc; path = ProfileViewController.m; sourceTree = "<group>"; };
		985FC578286A2A1B0023F5FE /* instagram.app */ = {isa = PBXFileReference; explicitFileType = wrapper.application; includeInIndex = 0; path = instagram.app; sourceTree = BUILT_PRODUCTS_DIR; };
		985FC57B286A2A1B0023F5FE /* AppDelegate.h */ = {isa = PBXFileReference; lastKnownFileType = sourcecode.c.h; path = AppDelegate.h; sourceTree = "<group>"; };
		985FC57C286A2A1B0023F5FE /* AppDelegate.m */ = {isa = PBXFileReference; lastKnownFileType = sourcecode.c.objc; path = AppDelegate.m; sourceTree = "<group>"; };
		985FC57E286A2A1B0023F5FE /* SceneDelegate.h */ = {isa = PBXFileReference; lastKnownFileType = sourcecode.c.h; path = SceneDelegate.h; sourceTree = "<group>"; };
		985FC57F286A2A1B0023F5FE /* SceneDelegate.m */ = {isa = PBXFileReference; lastKnownFileType = sourcecode.c.objc; path = SceneDelegate.m; sourceTree = "<group>"; };
		985FC585286A2A1B0023F5FE /* Base */ = {isa = PBXFileReference; lastKnownFileType = file.storyboard; name = Base; path = Base.lproj/Main.storyboard; sourceTree = "<group>"; };
		985FC587286A2A1B0023F5FE /* Assets.xcassets */ = {isa = PBXFileReference; lastKnownFileType = folder.assetcatalog; path = Assets.xcassets; sourceTree = "<group>"; };
		985FC58A286A2A1B0023F5FE /* Base */ = {isa = PBXFileReference; lastKnownFileType = file.storyboard; name = Base; path = Base.lproj/LaunchScreen.storyboard; sourceTree = "<group>"; };
		985FC58C286A2A1B0023F5FE /* Info.plist */ = {isa = PBXFileReference; lastKnownFileType = text.plist.xml; path = Info.plist; sourceTree = "<group>"; };
		985FC58D286A2A1B0023F5FE /* main.m */ = {isa = PBXFileReference; lastKnownFileType = sourcecode.c.objc; path = main.m; sourceTree = "<group>"; };
		985FC593286A2A1B0023F5FE /* instagramTests.xctest */ = {isa = PBXFileReference; explicitFileType = wrapper.cfbundle; includeInIndex = 0; path = instagramTests.xctest; sourceTree = BUILT_PRODUCTS_DIR; };
		985FC597286A2A1B0023F5FE /* instagramTests.m */ = {isa = PBXFileReference; lastKnownFileType = sourcecode.c.objc; path = instagramTests.m; sourceTree = "<group>"; };
		985FC59D286A2A1B0023F5FE /* instagramUITests.xctest */ = {isa = PBXFileReference; explicitFileType = wrapper.cfbundle; includeInIndex = 0; path = instagramUITests.xctest; sourceTree = BUILT_PRODUCTS_DIR; };
		985FC5A1286A2A1B0023F5FE /* instagramUITests.m */ = {isa = PBXFileReference; lastKnownFileType = sourcecode.c.objc; path = instagramUITests.m; sourceTree = "<group>"; };
		985FC5A3286A2A1B0023F5FE /* instagramUITestsLaunchTests.m */ = {isa = PBXFileReference; lastKnownFileType = sourcecode.c.objc; path = instagramUITestsLaunchTests.m; sourceTree = "<group>"; };
		98E01082286A4F9E00A8850E /* ViewUtils.h */ = {isa = PBXFileReference; lastKnownFileType = sourcecode.c.h; path = ViewUtils.h; sourceTree = "<group>"; };
		98E01083286A4F9E00A8850E /* ViewUtils.m */ = {isa = PBXFileReference; lastKnownFileType = sourcecode.c.objc; path = ViewUtils.m; sourceTree = "<group>"; };
		98E01089286A796C00A8850E /* PostTableCell.h */ = {isa = PBXFileReference; lastKnownFileType = sourcecode.c.h; path = PostTableCell.h; sourceTree = "<group>"; };
		98E0108A286A796C00A8850E /* PostTableCell.m */ = {isa = PBXFileReference; lastKnownFileType = sourcecode.c.objc; path = PostTableCell.m; sourceTree = "<group>"; };
		98E01093286C241B00A8850E /* PostModel.h */ = {isa = PBXFileReference; lastKnownFileType = sourcecode.c.h; path = PostModel.h; sourceTree = "<group>"; };
		98E01094286C241B00A8850E /* PostModel.m */ = {isa = PBXFileReference; lastKnownFileType = sourcecode.c.objc; path = PostModel.m; sourceTree = "<group>"; };
		98E01097286C475300A8850E /* PostDetailsViewController.h */ = {isa = PBXFileReference; lastKnownFileType = sourcecode.c.h; path = PostDetailsViewController.h; sourceTree = "<group>"; };
		98E01098286C475300A8850E /* PostDetailsViewController.m */ = {isa = PBXFileReference; lastKnownFileType = sourcecode.c.objc; path = PostDetailsViewController.m; sourceTree = "<group>"; };
		98E0109A286D070800A8850E /* UserData.h */ = {isa = PBXFileReference; lastKnownFileType = sourcecode.c.h; path = UserData.h; sourceTree = "<group>"; };
		98E0109B286D070800A8850E /* UserData.m */ = {isa = PBXFileReference; lastKnownFileType = sourcecode.c.objc; path = UserData.m; sourceTree = "<group>"; };
		B07636F4107D31C117B457DF /* Pods-instagram-instagramUITests.release.xcconfig */ = {isa = PBXFileReference; includeInIndex = 1; lastKnownFileType = text.xcconfig; name = "Pods-instagram-instagramUITests.release.xcconfig"; path = "Target Support Files/Pods-instagram-instagramUITests/Pods-instagram-instagramUITests.release.xcconfig"; sourceTree = "<group>"; };
		B55FE61BF87B2B35A0B76E5C /* Pods-instagram-instagramUITests.debug.xcconfig */ = {isa = PBXFileReference; includeInIndex = 1; lastKnownFileType = text.xcconfig; name = "Pods-instagram-instagramUITests.debug.xcconfig"; path = "Target Support Files/Pods-instagram-instagramUITests/Pods-instagram-instagramUITests.debug.xcconfig"; sourceTree = "<group>"; };
		C44BE595AC5ECE1E1B03B46C /* Pods-instagramTests.release.xcconfig */ = {isa = PBXFileReference; includeInIndex = 1; lastKnownFileType = text.xcconfig; name = "Pods-instagramTests.release.xcconfig"; path = "Target Support Files/Pods-instagramTests/Pods-instagramTests.release.xcconfig"; sourceTree = "<group>"; };
		CD72E71C96699FE876FBCE4F /* Pods-instagram.release.xcconfig */ = {isa = PBXFileReference; includeInIndex = 1; lastKnownFileType = text.xcconfig; name = "Pods-instagram.release.xcconfig"; path = "Target Support Files/Pods-instagram/Pods-instagram.release.xcconfig"; sourceTree = "<group>"; };
/* End PBXFileReference section */

/* Begin PBXFrameworksBuildPhase section */
		985FC575286A2A1B0023F5FE /* Frameworks */ = {
			isa = PBXFrameworksBuildPhase;
			buildActionMask = 2147483647;
			files = (
				EBAFD8091F7CF4C0B29C09FF /* Pods_instagram.framework in Frameworks */,
			);
			runOnlyForDeploymentPostprocessing = 0;
		};
		985FC590286A2A1B0023F5FE /* Frameworks */ = {
			isa = PBXFrameworksBuildPhase;
			buildActionMask = 2147483647;
			files = (
				60AF39E08314FB21D1B3788F /* Pods_instagramTests.framework in Frameworks */,
			);
			runOnlyForDeploymentPostprocessing = 0;
		};
		985FC59A286A2A1B0023F5FE /* Frameworks */ = {
			isa = PBXFrameworksBuildPhase;
			buildActionMask = 2147483647;
			files = (
				C528D4F432BE5843F30C2B7F /* Pods_instagram_instagramUITests.framework in Frameworks */,
			);
			runOnlyForDeploymentPostprocessing = 0;
		};
/* End PBXFrameworksBuildPhase section */

/* Begin PBXGroup section */
		2DF97B83AF1DB142D673CCA7 /* Frameworks */ = {
			isa = PBXGroup;
			children = (
				68B07E90C6826B9CE0670A33 /* Pods_instagram.framework */,
				79CF7E16ACD33BD7CE6159C3 /* Pods_instagram_instagramUITests.framework */,
				4564876138C42CB6A22BB0CA /* Pods_instagramTests.framework */,
			);
			name = Frameworks;
			sourceTree = "<group>";
		};
		4F5CEE26A25D0D0DF22B0EAB /* Pods */ = {
			isa = PBXGroup;
			children = (
				3FDBEF53010F43C6A8363046 /* Pods-instagram.debug.xcconfig */,
				CD72E71C96699FE876FBCE4F /* Pods-instagram.release.xcconfig */,
				B55FE61BF87B2B35A0B76E5C /* Pods-instagram-instagramUITests.debug.xcconfig */,
				B07636F4107D31C117B457DF /* Pods-instagram-instagramUITests.release.xcconfig */,
				166E5082ED54352AE457EA89 /* Pods-instagramTests.debug.xcconfig */,
				C44BE595AC5ECE1E1B03B46C /* Pods-instagramTests.release.xcconfig */,
			);
			path = Pods;
			sourceTree = "<group>";
		};
		98424E07286A339200110BE1 /* ViewControllers */ = {
			isa = PBXGroup;
			children = (
				98E01096286C472600A8850E /* Post Details View */,
				98424E08286A33B800110BE1 /* Login View */,
				98424E14286A416100110BE1 /* Profile View */,
				98424E13286A415000110BE1 /* Compose View */,
				98424E0C286A412400110BE1 /* Home View */,
			);
			path = ViewControllers;
			sourceTree = "<group>";
		};
		98424E08286A33B800110BE1 /* Login View */ = {
			isa = PBXGroup;
			children = (
				98424E04286A338B00110BE1 /* LoginViewController.h */,
				98424E05286A338B00110BE1 /* LoginViewController.m */,
			);
			path = "Login View";
			sourceTree = "<group>";
		};
		98424E0C286A412400110BE1 /* Home View */ = {
			isa = PBXGroup;
			children = (
				98424E09286A412000110BE1 /* HomeViewController.h */,
				98424E0A286A412000110BE1 /* HomeViewController.m */,
				98E01085286A78B600A8850E /* Feed Table */,
			);
			path = "Home View";
			sourceTree = "<group>";
		};
		98424E13286A415000110BE1 /* Compose View */ = {
			isa = PBXGroup;
			children = (
				98424E0D286A414200110BE1 /* ComposeViewController.h */,
				98424E0E286A414200110BE1 /* ComposeViewController.m */,
			);
			path = "Compose View";
			sourceTree = "<group>";
		};
		98424E14286A416100110BE1 /* Profile View */ = {
			isa = PBXGroup;
			children = (
				98424E10286A414D00110BE1 /* ProfileViewController.h */,
				98424E11286A414D00110BE1 /* ProfileViewController.m */,
			);
			path = "Profile View";
			sourceTree = "<group>";
		};
		985FC56F286A2A1A0023F5FE = {
			isa = PBXGroup;
			children = (
				985FC57A286A2A1B0023F5FE /* instagram */,
				985FC596286A2A1B0023F5FE /* instagramTests */,
				985FC5A0286A2A1B0023F5FE /* instagramUITests */,
				985FC579286A2A1B0023F5FE /* Products */,
				4F5CEE26A25D0D0DF22B0EAB /* Pods */,
				2DF97B83AF1DB142D673CCA7 /* Frameworks */,
			);
			sourceTree = "<group>";
		};
		985FC579286A2A1B0023F5FE /* Products */ = {
			isa = PBXGroup;
			children = (
				985FC578286A2A1B0023F5FE /* instagram.app */,
				985FC593286A2A1B0023F5FE /* instagramTests.xctest */,
				985FC59D286A2A1B0023F5FE /* instagramUITests.xctest */,
			);
			name = Products;
			sourceTree = "<group>";
		};
		985FC57A286A2A1B0023F5FE /* instagram */ = {
			isa = PBXGroup;
			children = (
				98E0109D286D082800A8850E /* App Lifecycle */,
				98E0108F286C1A5300A8850E /* Models */,
				98E01081286A4F7500A8850E /* Utilities */,
				98424E07286A339200110BE1 /* ViewControllers */,
				985FC584286A2A1B0023F5FE /* Main.storyboard */,
				985FC589286A2A1B0023F5FE /* LaunchScreen.storyboard */,
				985FC587286A2A1B0023F5FE /* Assets.xcassets */,
				985FC58C286A2A1B0023F5FE /* Info.plist */,
			);
			path = instagram;
			sourceTree = "<group>";
		};
		985FC596286A2A1B0023F5FE /* instagramTests */ = {
			isa = PBXGroup;
			children = (
				985FC597286A2A1B0023F5FE /* instagramTests.m */,
			);
			path = instagramTests;
			sourceTree = "<group>";
		};
		985FC5A0286A2A1B0023F5FE /* instagramUITests */ = {
			isa = PBXGroup;
			children = (
				985FC5A1286A2A1B0023F5FE /* instagramUITests.m */,
				985FC5A3286A2A1B0023F5FE /* instagramUITestsLaunchTests.m */,
			);
			path = instagramUITests;
			sourceTree = "<group>";
		};
		98E01081286A4F7500A8850E /* Utilities */ = {
			isa = PBXGroup;
			children = (
				98E01082286A4F9E00A8850E /* ViewUtils.h */,
				98E01083286A4F9E00A8850E /* ViewUtils.m */,
			);
			path = Utilities;
			sourceTree = "<group>";
		};
		98E01085286A78B600A8850E /* Feed Table */ = {
			isa = PBXGroup;
			children = (
				98E01089286A796C00A8850E /* PostTableCell.h */,
				98E0108A286A796C00A8850E /* PostTableCell.m */,
			);
			path = "Feed Table";
			sourceTree = "<group>";
		};
		98E0108F286C1A5300A8850E /* Models */ = {
			isa = PBXGroup;
			children = (
				98E01093286C241B00A8850E /* PostModel.h */,
				98E01094286C241B00A8850E /* PostModel.m */,
				98E0109A286D070800A8850E /* UserData.h */,
				98E0109B286D070800A8850E /* UserData.m */,
			);
			path = Models;
			sourceTree = "<group>";
		};
		98E01096286C472600A8850E /* Post Details View */ = {
			isa = PBXGroup;
			children = (
				98E01097286C475300A8850E /* PostDetailsViewController.h */,
				98E01098286C475300A8850E /* PostDetailsViewController.m */,
			);
			path = "Post Details View";
			sourceTree = "<group>";
		};
		98E0109D286D082800A8850E /* App Lifecycle */ = {
			isa = PBXGroup;
			children = (
				985FC58D286A2A1B0023F5FE /* main.m */,
				985FC57B286A2A1B0023F5FE /* AppDelegate.h */,
				985FC57C286A2A1B0023F5FE /* AppDelegate.m */,
				985FC57E286A2A1B0023F5FE /* SceneDelegate.h */,
				985FC57F286A2A1B0023F5FE /* SceneDelegate.m */,
			);
			path = "App Lifecycle";
			sourceTree = "<group>";
		};
/* End PBXGroup section */

/* Begin PBXNativeTarget section */
		985FC577286A2A1B0023F5FE /* instagram */ = {
			isa = PBXNativeTarget;
			buildConfigurationList = 985FC5A7286A2A1B0023F5FE /* Build configuration list for PBXNativeTarget "instagram" */;
			buildPhases = (
				C0CA9AEEA32BAF4EAAC82FE4 /* [CP] Check Pods Manifest.lock */,
				985FC574286A2A1B0023F5FE /* Sources */,
				985FC575286A2A1B0023F5FE /* Frameworks */,
				985FC576286A2A1B0023F5FE /* Resources */,
				17989CDA77768685D6A7D96E /* [CP] Embed Pods Frameworks */,
			);
			buildRules = (
			);
			dependencies = (
			);
			name = instagram;
			productName = instagram;
			productReference = 985FC578286A2A1B0023F5FE /* instagram.app */;
			productType = "com.apple.product-type.application";
		};
		985FC592286A2A1B0023F5FE /* instagramTests */ = {
			isa = PBXNativeTarget;
			buildConfigurationList = 985FC5AA286A2A1B0023F5FE /* Build configuration list for PBXNativeTarget "instagramTests" */;
			buildPhases = (
				E93974C330098E0DBC913954 /* [CP] Check Pods Manifest.lock */,
				985FC58F286A2A1B0023F5FE /* Sources */,
				985FC590286A2A1B0023F5FE /* Frameworks */,
				985FC591286A2A1B0023F5FE /* Resources */,
			);
			buildRules = (
			);
			dependencies = (
				985FC595286A2A1B0023F5FE /* PBXTargetDependency */,
			);
			name = instagramTests;
			productName = instagramTests;
			productReference = 985FC593286A2A1B0023F5FE /* instagramTests.xctest */;
			productType = "com.apple.product-type.bundle.unit-test";
		};
		985FC59C286A2A1B0023F5FE /* instagramUITests */ = {
			isa = PBXNativeTarget;
			buildConfigurationList = 985FC5AD286A2A1B0023F5FE /* Build configuration list for PBXNativeTarget "instagramUITests" */;
			buildPhases = (
				ACAAD2F99D4C4EF3E52CA26E /* [CP] Check Pods Manifest.lock */,
				985FC599286A2A1B0023F5FE /* Sources */,
				985FC59A286A2A1B0023F5FE /* Frameworks */,
				985FC59B286A2A1B0023F5FE /* Resources */,
				2ACB4007688A8F57FB61A25D /* [CP] Embed Pods Frameworks */,
			);
			buildRules = (
			);
			dependencies = (
				985FC59F286A2A1B0023F5FE /* PBXTargetDependency */,
			);
			name = instagramUITests;
			productName = instagramUITests;
			productReference = 985FC59D286A2A1B0023F5FE /* instagramUITests.xctest */;
			productType = "com.apple.product-type.bundle.ui-testing";
		};
/* End PBXNativeTarget section */

/* Begin PBXProject section */
		985FC570286A2A1A0023F5FE /* Project object */ = {
			isa = PBXProject;
			attributes = {
				BuildIndependentTargetsInParallel = 1;
				LastUpgradeCheck = 1340;
				TargetAttributes = {
					985FC577286A2A1B0023F5FE = {
						CreatedOnToolsVersion = 13.4;
					};
					985FC592286A2A1B0023F5FE = {
						CreatedOnToolsVersion = 13.4;
						TestTargetID = 985FC577286A2A1B0023F5FE;
					};
					985FC59C286A2A1B0023F5FE = {
						CreatedOnToolsVersion = 13.4;
						TestTargetID = 985FC577286A2A1B0023F5FE;
					};
				};
			};
			buildConfigurationList = 985FC573286A2A1A0023F5FE /* Build configuration list for PBXProject "instagram" */;
			compatibilityVersion = "Xcode 13.0";
			developmentRegion = en;
			hasScannedForEncodings = 0;
			knownRegions = (
				en,
				Base,
			);
			mainGroup = 985FC56F286A2A1A0023F5FE;
			productRefGroup = 985FC579286A2A1B0023F5FE /* Products */;
			projectDirPath = "";
			projectRoot = "";
			targets = (
				985FC577286A2A1B0023F5FE /* instagram */,
				985FC592286A2A1B0023F5FE /* instagramTests */,
				985FC59C286A2A1B0023F5FE /* instagramUITests */,
			);
		};
/* End PBXProject section */

/* Begin PBXResourcesBuildPhase section */
		985FC576286A2A1B0023F5FE /* Resources */ = {
			isa = PBXResourcesBuildPhase;
			buildActionMask = 2147483647;
			files = (
				985FC58B286A2A1B0023F5FE /* LaunchScreen.storyboard in Resources */,
				985FC588286A2A1B0023F5FE /* Assets.xcassets in Resources */,
				985FC586286A2A1B0023F5FE /* Main.storyboard in Resources */,
			);
			runOnlyForDeploymentPostprocessing = 0;
		};
		985FC591286A2A1B0023F5FE /* Resources */ = {
			isa = PBXResourcesBuildPhase;
			buildActionMask = 2147483647;
			files = (
			);
			runOnlyForDeploymentPostprocessing = 0;
		};
		985FC59B286A2A1B0023F5FE /* Resources */ = {
			isa = PBXResourcesBuildPhase;
			buildActionMask = 2147483647;
			files = (
			);
			runOnlyForDeploymentPostprocessing = 0;
		};
/* End PBXResourcesBuildPhase section */

/* Begin PBXShellScriptBuildPhase section */
		17989CDA77768685D6A7D96E /* [CP] Embed Pods Frameworks */ = {
			isa = PBXShellScriptBuildPhase;
			buildActionMask = 2147483647;
			files = (
			);
			inputFileListPaths = (
				"${PODS_ROOT}/Target Support Files/Pods-instagram/Pods-instagram-frameworks-${CONFIGURATION}-input-files.xcfilelist",
			);
			name = "[CP] Embed Pods Frameworks";
			outputFileListPaths = (
				"${PODS_ROOT}/Target Support Files/Pods-instagram/Pods-instagram-frameworks-${CONFIGURATION}-output-files.xcfilelist",
			);
			runOnlyForDeploymentPostprocessing = 0;
			shellPath = /bin/sh;
			shellScript = "\"${PODS_ROOT}/Target Support Files/Pods-instagram/Pods-instagram-frameworks.sh\"\n";
			showEnvVarsInLog = 0;
		};
		2ACB4007688A8F57FB61A25D /* [CP] Embed Pods Frameworks */ = {
			isa = PBXShellScriptBuildPhase;
			buildActionMask = 2147483647;
			files = (
			);
			inputFileListPaths = (
				"${PODS_ROOT}/Target Support Files/Pods-instagram-instagramUITests/Pods-instagram-instagramUITests-frameworks-${CONFIGURATION}-input-files.xcfilelist",
			);
			name = "[CP] Embed Pods Frameworks";
			outputFileListPaths = (
				"${PODS_ROOT}/Target Support Files/Pods-instagram-instagramUITests/Pods-instagram-instagramUITests-frameworks-${CONFIGURATION}-output-files.xcfilelist",
			);
			runOnlyForDeploymentPostprocessing = 0;
			shellPath = /bin/sh;
			shellScript = "\"${PODS_ROOT}/Target Support Files/Pods-instagram-instagramUITests/Pods-instagram-instagramUITests-frameworks.sh\"\n";
			showEnvVarsInLog = 0;
		};
		ACAAD2F99D4C4EF3E52CA26E /* [CP] Check Pods Manifest.lock */ = {
			isa = PBXShellScriptBuildPhase;
			buildActionMask = 2147483647;
			files = (
			);
			inputFileListPaths = (
			);
			inputPaths = (
				"${PODS_PODFILE_DIR_PATH}/Podfile.lock",
				"${PODS_ROOT}/Manifest.lock",
			);
			name = "[CP] Check Pods Manifest.lock";
			outputFileListPaths = (
			);
			outputPaths = (
				"$(DERIVED_FILE_DIR)/Pods-instagram-instagramUITests-checkManifestLockResult.txt",
			);
			runOnlyForDeploymentPostprocessing = 0;
			shellPath = /bin/sh;
			shellScript = "diff \"${PODS_PODFILE_DIR_PATH}/Podfile.lock\" \"${PODS_ROOT}/Manifest.lock\" > /dev/null\nif [ $? != 0 ] ; then\n    # print error to STDERR\n    echo \"error: The sandbox is not in sync with the Podfile.lock. Run 'pod install' or update your CocoaPods installation.\" >&2\n    exit 1\nfi\n# This output is used by Xcode 'outputs' to avoid re-running this script phase.\necho \"SUCCESS\" > \"${SCRIPT_OUTPUT_FILE_0}\"\n";
			showEnvVarsInLog = 0;
		};
		C0CA9AEEA32BAF4EAAC82FE4 /* [CP] Check Pods Manifest.lock */ = {
			isa = PBXShellScriptBuildPhase;
			buildActionMask = 2147483647;
			files = (
			);
			inputFileListPaths = (
			);
			inputPaths = (
				"${PODS_PODFILE_DIR_PATH}/Podfile.lock",
				"${PODS_ROOT}/Manifest.lock",
			);
			name = "[CP] Check Pods Manifest.lock";
			outputFileListPaths = (
			);
			outputPaths = (
				"$(DERIVED_FILE_DIR)/Pods-instagram-checkManifestLockResult.txt",
			);
			runOnlyForDeploymentPostprocessing = 0;
			shellPath = /bin/sh;
			shellScript = "diff \"${PODS_PODFILE_DIR_PATH}/Podfile.lock\" \"${PODS_ROOT}/Manifest.lock\" > /dev/null\nif [ $? != 0 ] ; then\n    # print error to STDERR\n    echo \"error: The sandbox is not in sync with the Podfile.lock. Run 'pod install' or update your CocoaPods installation.\" >&2\n    exit 1\nfi\n# This output is used by Xcode 'outputs' to avoid re-running this script phase.\necho \"SUCCESS\" > \"${SCRIPT_OUTPUT_FILE_0}\"\n";
			showEnvVarsInLog = 0;
		};
		E93974C330098E0DBC913954 /* [CP] Check Pods Manifest.lock */ = {
			isa = PBXShellScriptBuildPhase;
			buildActionMask = 2147483647;
			files = (
			);
			inputFileListPaths = (
			);
			inputPaths = (
				"${PODS_PODFILE_DIR_PATH}/Podfile.lock",
				"${PODS_ROOT}/Manifest.lock",
			);
			name = "[CP] Check Pods Manifest.lock";
			outputFileListPaths = (
			);
			outputPaths = (
				"$(DERIVED_FILE_DIR)/Pods-instagramTests-checkManifestLockResult.txt",
			);
			runOnlyForDeploymentPostprocessing = 0;
			shellPath = /bin/sh;
			shellScript = "diff \"${PODS_PODFILE_DIR_PATH}/Podfile.lock\" \"${PODS_ROOT}/Manifest.lock\" > /dev/null\nif [ $? != 0 ] ; then\n    # print error to STDERR\n    echo \"error: The sandbox is not in sync with the Podfile.lock. Run 'pod install' or update your CocoaPods installation.\" >&2\n    exit 1\nfi\n# This output is used by Xcode 'outputs' to avoid re-running this script phase.\necho \"SUCCESS\" > \"${SCRIPT_OUTPUT_FILE_0}\"\n";
			showEnvVarsInLog = 0;
		};
/* End PBXShellScriptBuildPhase section */

/* Begin PBXSourcesBuildPhase section */
		985FC574286A2A1B0023F5FE /* Sources */ = {
			isa = PBXSourcesBuildPhase;
			buildActionMask = 2147483647;
			files = (
				98E01095286C241B00A8850E /* PostModel.m in Sources */,
				98E01084286A4F9E00A8850E /* ViewUtils.m in Sources */,
				985FC57D286A2A1B0023F5FE /* AppDelegate.m in Sources */,
				98424E12286A414D00110BE1 /* ProfileViewController.m in Sources */,
				98E01099286C475300A8850E /* PostDetailsViewController.m in Sources */,
				985FC58E286A2A1B0023F5FE /* main.m in Sources */,
				985FC580286A2A1B0023F5FE /* SceneDelegate.m in Sources */,
				98E0109C286D070800A8850E /* UserData.m in Sources */,
				98424E0F286A414200110BE1 /* ComposeViewController.m in Sources */,
				98424E06286A338B00110BE1 /* LoginViewController.m in Sources */,
				98E0108B286A796C00A8850E /* PostTableCell.m in Sources */,
				98424E0B286A412000110BE1 /* HomeViewController.m in Sources */,
			);
			runOnlyForDeploymentPostprocessing = 0;
		};
		985FC58F286A2A1B0023F5FE /* Sources */ = {
			isa = PBXSourcesBuildPhase;
			buildActionMask = 2147483647;
			files = (
				985FC598286A2A1B0023F5FE /* instagramTests.m in Sources */,
			);
			runOnlyForDeploymentPostprocessing = 0;
		};
		985FC599286A2A1B0023F5FE /* Sources */ = {
			isa = PBXSourcesBuildPhase;
			buildActionMask = 2147483647;
			files = (
				985FC5A2286A2A1B0023F5FE /* instagramUITests.m in Sources */,
				985FC5A4286A2A1B0023F5FE /* instagramUITestsLaunchTests.m in Sources */,
			);
			runOnlyForDeploymentPostprocessing = 0;
		};
/* End PBXSourcesBuildPhase section */

/* Begin PBXTargetDependency section */
		985FC595286A2A1B0023F5FE /* PBXTargetDependency */ = {
			isa = PBXTargetDependency;
			target = 985FC577286A2A1B0023F5FE /* instagram */;
			targetProxy = 985FC594286A2A1B0023F5FE /* PBXContainerItemProxy */;
		};
		985FC59F286A2A1B0023F5FE /* PBXTargetDependency */ = {
			isa = PBXTargetDependency;
			target = 985FC577286A2A1B0023F5FE /* instagram */;
			targetProxy = 985FC59E286A2A1B0023F5FE /* PBXContainerItemProxy */;
		};
/* End PBXTargetDependency section */

/* Begin PBXVariantGroup section */
		985FC584286A2A1B0023F5FE /* Main.storyboard */ = {
			isa = PBXVariantGroup;
			children = (
				985FC585286A2A1B0023F5FE /* Base */,
			);
			name = Main.storyboard;
			sourceTree = "<group>";
		};
		985FC589286A2A1B0023F5FE /* LaunchScreen.storyboard */ = {
			isa = PBXVariantGroup;
			children = (
				985FC58A286A2A1B0023F5FE /* Base */,
			);
			name = LaunchScreen.storyboard;
			sourceTree = "<group>";
		};
/* End PBXVariantGroup section */

/* Begin XCBuildConfiguration section */
		985FC5A5286A2A1B0023F5FE /* Debug */ = {
			isa = XCBuildConfiguration;
			buildSettings = {
				ALWAYS_SEARCH_USER_PATHS = NO;
				CLANG_ANALYZER_NONNULL = YES;
				CLANG_ANALYZER_NUMBER_OBJECT_CONVERSION = YES_AGGRESSIVE;
				CLANG_CXX_LANGUAGE_STANDARD = "gnu++17";
				CLANG_ENABLE_MODULES = YES;
				CLANG_ENABLE_OBJC_ARC = YES;
				CLANG_ENABLE_OBJC_WEAK = YES;
				CLANG_WARN_BLOCK_CAPTURE_AUTORELEASING = YES;
				CLANG_WARN_BOOL_CONVERSION = YES;
				CLANG_WARN_COMMA = YES;
				CLANG_WARN_CONSTANT_CONVERSION = YES;
				CLANG_WARN_DEPRECATED_OBJC_IMPLEMENTATIONS = YES;
				CLANG_WARN_DIRECT_OBJC_ISA_USAGE = YES_ERROR;
				CLANG_WARN_DOCUMENTATION_COMMENTS = YES;
				CLANG_WARN_EMPTY_BODY = YES;
				CLANG_WARN_ENUM_CONVERSION = YES;
				CLANG_WARN_INFINITE_RECURSION = YES;
				CLANG_WARN_INT_CONVERSION = YES;
				CLANG_WARN_NON_LITERAL_NULL_CONVERSION = YES;
				CLANG_WARN_OBJC_IMPLICIT_RETAIN_SELF = YES;
				CLANG_WARN_OBJC_LITERAL_CONVERSION = YES;
				CLANG_WARN_OBJC_ROOT_CLASS = YES_ERROR;
				CLANG_WARN_QUOTED_INCLUDE_IN_FRAMEWORK_HEADER = YES;
				CLANG_WARN_RANGE_LOOP_ANALYSIS = YES;
				CLANG_WARN_STRICT_PROTOTYPES = YES;
				CLANG_WARN_SUSPICIOUS_MOVE = YES;
				CLANG_WARN_UNGUARDED_AVAILABILITY = YES_AGGRESSIVE;
				CLANG_WARN_UNREACHABLE_CODE = YES;
				CLANG_WARN__DUPLICATE_METHOD_MATCH = YES;
				COPY_PHASE_STRIP = NO;
				DEBUG_INFORMATION_FORMAT = dwarf;
				ENABLE_STRICT_OBJC_MSGSEND = YES;
				ENABLE_TESTABILITY = YES;
				GCC_C_LANGUAGE_STANDARD = gnu11;
				GCC_DYNAMIC_NO_PIC = NO;
				GCC_NO_COMMON_BLOCKS = YES;
				GCC_OPTIMIZATION_LEVEL = 0;
				GCC_PREPROCESSOR_DEFINITIONS = (
					"DEBUG=1",
					"$(inherited)",
				);
				GCC_WARN_64_TO_32_BIT_CONVERSION = YES;
				GCC_WARN_ABOUT_RETURN_TYPE = YES_ERROR;
				GCC_WARN_UNDECLARED_SELECTOR = YES;
				GCC_WARN_UNINITIALIZED_AUTOS = YES_AGGRESSIVE;
				GCC_WARN_UNUSED_FUNCTION = YES;
				GCC_WARN_UNUSED_VARIABLE = YES;
				IPHONEOS_DEPLOYMENT_TARGET = 15.5;
				MTL_ENABLE_DEBUG_INFO = INCLUDE_SOURCE;
				MTL_FAST_MATH = YES;
				ONLY_ACTIVE_ARCH = YES;
				SDKROOT = iphoneos;
			};
			name = Debug;
		};
		985FC5A6286A2A1B0023F5FE /* Release */ = {
			isa = XCBuildConfiguration;
			buildSettings = {
				ALWAYS_SEARCH_USER_PATHS = NO;
				CLANG_ANALYZER_NONNULL = YES;
				CLANG_ANALYZER_NUMBER_OBJECT_CONVERSION = YES_AGGRESSIVE;
				CLANG_CXX_LANGUAGE_STANDARD = "gnu++17";
				CLANG_ENABLE_MODULES = YES;
				CLANG_ENABLE_OBJC_ARC = YES;
				CLANG_ENABLE_OBJC_WEAK = YES;
				CLANG_WARN_BLOCK_CAPTURE_AUTORELEASING = YES;
				CLANG_WARN_BOOL_CONVERSION = YES;
				CLANG_WARN_COMMA = YES;
				CLANG_WARN_CONSTANT_CONVERSION = YES;
				CLANG_WARN_DEPRECATED_OBJC_IMPLEMENTATIONS = YES;
				CLANG_WARN_DIRECT_OBJC_ISA_USAGE = YES_ERROR;
				CLANG_WARN_DOCUMENTATION_COMMENTS = YES;
				CLANG_WARN_EMPTY_BODY = YES;
				CLANG_WARN_ENUM_CONVERSION = YES;
				CLANG_WARN_INFINITE_RECURSION = YES;
				CLANG_WARN_INT_CONVERSION = YES;
				CLANG_WARN_NON_LITERAL_NULL_CONVERSION = YES;
				CLANG_WARN_OBJC_IMPLICIT_RETAIN_SELF = YES;
				CLANG_WARN_OBJC_LITERAL_CONVERSION = YES;
				CLANG_WARN_OBJC_ROOT_CLASS = YES_ERROR;
				CLANG_WARN_QUOTED_INCLUDE_IN_FRAMEWORK_HEADER = YES;
				CLANG_WARN_RANGE_LOOP_ANALYSIS = YES;
				CLANG_WARN_STRICT_PROTOTYPES = YES;
				CLANG_WARN_SUSPICIOUS_MOVE = YES;
				CLANG_WARN_UNGUARDED_AVAILABILITY = YES_AGGRESSIVE;
				CLANG_WARN_UNREACHABLE_CODE = YES;
				CLANG_WARN__DUPLICATE_METHOD_MATCH = YES;
				COPY_PHASE_STRIP = NO;
				DEBUG_INFORMATION_FORMAT = "dwarf-with-dsym";
				ENABLE_NS_ASSERTIONS = NO;
				ENABLE_STRICT_OBJC_MSGSEND = YES;
				GCC_C_LANGUAGE_STANDARD = gnu11;
				GCC_NO_COMMON_BLOCKS = YES;
				GCC_WARN_64_TO_32_BIT_CONVERSION = YES;
				GCC_WARN_ABOUT_RETURN_TYPE = YES_ERROR;
				GCC_WARN_UNDECLARED_SELECTOR = YES;
				GCC_WARN_UNINITIALIZED_AUTOS = YES_AGGRESSIVE;
				GCC_WARN_UNUSED_FUNCTION = YES;
				GCC_WARN_UNUSED_VARIABLE = YES;
				IPHONEOS_DEPLOYMENT_TARGET = 15.5;
				MTL_ENABLE_DEBUG_INFO = NO;
				MTL_FAST_MATH = YES;
				SDKROOT = iphoneos;
				VALIDATE_PRODUCT = YES;
			};
			name = Release;
		};
		985FC5A8286A2A1B0023F5FE /* Debug */ = {
			isa = XCBuildConfiguration;
			baseConfigurationReference = 3FDBEF53010F43C6A8363046 /* Pods-instagram.debug.xcconfig */;
			buildSettings = {
				ASSETCATALOG_COMPILER_APPICON_NAME = AppIcon;
				ASSETCATALOG_COMPILER_GLOBAL_ACCENT_COLOR_NAME = AccentColor;
				CODE_SIGN_STYLE = Automatic;
				CURRENT_PROJECT_VERSION = 1;
				DEVELOPMENT_TEAM = TBMRNTARZF;
				GENERATE_INFOPLIST_FILE = YES;
				INFOPLIST_FILE = instagram/Info.plist;
				INFOPLIST_KEY_UIApplicationSupportsIndirectInputEvents = YES;
				INFOPLIST_KEY_UILaunchStoryboardName = LaunchScreen;
				INFOPLIST_KEY_UIMainStoryboardFile = Main;
				INFOPLIST_KEY_UISupportedInterfaceOrientations_iPad = "UIInterfaceOrientationPortrait UIInterfaceOrientationPortraitUpsideDown UIInterfaceOrientationLandscapeLeft UIInterfaceOrientationLandscapeRight";
				INFOPLIST_KEY_UISupportedInterfaceOrientations_iPhone = "UIInterfaceOrientationPortrait UIInterfaceOrientationLandscapeLeft UIInterfaceOrientationLandscapeRight";
				LD_RUNPATH_SEARCH_PATHS = (
					"$(inherited)",
					"@executable_path/Frameworks",
				);
				MARKETING_VERSION = 1.0;
				PRODUCT_BUNDLE_IDENTIFIER = com.maxfierro.instagram;
				PRODUCT_NAME = "$(TARGET_NAME)";
				SWIFT_EMIT_LOC_STRINGS = YES;
				TARGETED_DEVICE_FAMILY = "1,2";
			};
			name = Debug;
		};
		985FC5A9286A2A1B0023F5FE /* Release */ = {
			isa = XCBuildConfiguration;
			baseConfigurationReference = CD72E71C96699FE876FBCE4F /* Pods-instagram.release.xcconfig */;
			buildSettings = {
				ASSETCATALOG_COMPILER_APPICON_NAME = AppIcon;
				ASSETCATALOG_COMPILER_GLOBAL_ACCENT_COLOR_NAME = AccentColor;
				CODE_SIGN_STYLE = Automatic;
				CURRENT_PROJECT_VERSION = 1;
				DEVELOPMENT_TEAM = TBMRNTARZF;
				GENERATE_INFOPLIST_FILE = YES;
				INFOPLIST_FILE = instagram/Info.plist;
				INFOPLIST_KEY_UIApplicationSupportsIndirectInputEvents = YES;
				INFOPLIST_KEY_UILaunchStoryboardName = LaunchScreen;
				INFOPLIST_KEY_UIMainStoryboardFile = Main;
				INFOPLIST_KEY_UISupportedInterfaceOrientations_iPad = "UIInterfaceOrientationPortrait UIInterfaceOrientationPortraitUpsideDown UIInterfaceOrientationLandscapeLeft UIInterfaceOrientationLandscapeRight";
				INFOPLIST_KEY_UISupportedInterfaceOrientations_iPhone = "UIInterfaceOrientationPortrait UIInterfaceOrientationLandscapeLeft UIInterfaceOrientationLandscapeRight";
				LD_RUNPATH_SEARCH_PATHS = (
					"$(inherited)",
					"@executable_path/Frameworks",
				);
				MARKETING_VERSION = 1.0;
				PRODUCT_BUNDLE_IDENTIFIER = com.maxfierro.instagram;
				PRODUCT_NAME = "$(TARGET_NAME)";
				SWIFT_EMIT_LOC_STRINGS = YES;
				TARGETED_DEVICE_FAMILY = "1,2";
			};
			name = Release;
		};
		985FC5AB286A2A1B0023F5FE /* Debug */ = {
			isa = XCBuildConfiguration;
			baseConfigurationReference = 166E5082ED54352AE457EA89 /* Pods-instagramTests.debug.xcconfig */;
			buildSettings = {
				BUNDLE_LOADER = "$(TEST_HOST)";
				CODE_SIGN_STYLE = Automatic;
				CURRENT_PROJECT_VERSION = 1;
				DEVELOPMENT_TEAM = TBMRNTARZF;
				GENERATE_INFOPLIST_FILE = YES;
				IPHONEOS_DEPLOYMENT_TARGET = 15.5;
				MARKETING_VERSION = 1.0;
				PRODUCT_BUNDLE_IDENTIFIER = com.maxfierro.instagramTests;
				PRODUCT_NAME = "$(TARGET_NAME)";
				SWIFT_EMIT_LOC_STRINGS = NO;
				TARGETED_DEVICE_FAMILY = "1,2";
				TEST_HOST = "$(BUILT_PRODUCTS_DIR)/instagram.app/instagram";
			};
			name = Debug;
		};
		985FC5AC286A2A1B0023F5FE /* Release */ = {
			isa = XCBuildConfiguration;
			baseConfigurationReference = C44BE595AC5ECE1E1B03B46C /* Pods-instagramTests.release.xcconfig */;
			buildSettings = {
				BUNDLE_LOADER = "$(TEST_HOST)";
				CODE_SIGN_STYLE = Automatic;
				CURRENT_PROJECT_VERSION = 1;
				DEVELOPMENT_TEAM = TBMRNTARZF;
				GENERATE_INFOPLIST_FILE = YES;
				IPHONEOS_DEPLOYMENT_TARGET = 15.5;
				MARKETING_VERSION = 1.0;
				PRODUCT_BUNDLE_IDENTIFIER = com.maxfierro.instagramTests;
				PRODUCT_NAME = "$(TARGET_NAME)";
				SWIFT_EMIT_LOC_STRINGS = NO;
				TARGETED_DEVICE_FAMILY = "1,2";
				TEST_HOST = "$(BUILT_PRODUCTS_DIR)/instagram.app/instagram";
			};
			name = Release;
		};
		985FC5AE286A2A1B0023F5FE /* Debug */ = {
			isa = XCBuildConfiguration;
			baseConfigurationReference = B55FE61BF87B2B35A0B76E5C /* Pods-instagram-instagramUITests.debug.xcconfig */;
			buildSettings = {
				CODE_SIGN_STYLE = Automatic;
				CURRENT_PROJECT_VERSION = 1;
				DEVELOPMENT_TEAM = TBMRNTARZF;
				GENERATE_INFOPLIST_FILE = YES;
				MARKETING_VERSION = 1.0;
				PRODUCT_BUNDLE_IDENTIFIER = com.maxfierro.instagramUITests;
				PRODUCT_NAME = "$(TARGET_NAME)";
				SWIFT_EMIT_LOC_STRINGS = NO;
				TARGETED_DEVICE_FAMILY = "1,2";
				TEST_TARGET_NAME = instagram;
			};
			name = Debug;
		};
		985FC5AF286A2A1B0023F5FE /* Release */ = {
			isa = XCBuildConfiguration;
			baseConfigurationReference = B07636F4107D31C117B457DF /* Pods-instagram-instagramUITests.release.xcconfig */;
			buildSettings = {
				CODE_SIGN_STYLE = Automatic;
				CURRENT_PROJECT_VERSION = 1;
				DEVELOPMENT_TEAM = TBMRNTARZF;
				GENERATE_INFOPLIST_FILE = YES;
				MARKETING_VERSION = 1.0;
				PRODUCT_BUNDLE_IDENTIFIER = com.maxfierro.instagramUITests;
				PRODUCT_NAME = "$(TARGET_NAME)";
				SWIFT_EMIT_LOC_STRINGS = NO;
				TARGETED_DEVICE_FAMILY = "1,2";
				TEST_TARGET_NAME = instagram;
			};
			name = Release;
		};
/* End XCBuildConfiguration section */

/* Begin XCConfigurationList section */
		985FC573286A2A1A0023F5FE /* Build configuration list for PBXProject "instagram" */ = {
			isa = XCConfigurationList;
			buildConfigurations = (
				985FC5A5286A2A1B0023F5FE /* Debug */,
				985FC5A6286A2A1B0023F5FE /* Release */,
			);
			defaultConfigurationIsVisible = 0;
			defaultConfigurationName = Release;
		};
		985FC5A7286A2A1B0023F5FE /* Build configuration list for PBXNativeTarget "instagram" */ = {
			isa = XCConfigurationList;
			buildConfigurations = (
				985FC5A8286A2A1B0023F5FE /* Debug */,
				985FC5A9286A2A1B0023F5FE /* Release */,
			);
			defaultConfigurationIsVisible = 0;
			defaultConfigurationName = Release;
		};
		985FC5AA286A2A1B0023F5FE /* Build configuration list for PBXNativeTarget "instagramTests" */ = {
			isa = XCConfigurationList;
			buildConfigurations = (
				985FC5AB286A2A1B0023F5FE /* Debug */,
				985FC5AC286A2A1B0023F5FE /* Release */,
			);
			defaultConfigurationIsVisible = 0;
			defaultConfigurationName = Release;
		};
		985FC5AD286A2A1B0023F5FE /* Build configuration list for PBXNativeTarget "instagramUITests" */ = {
			isa = XCConfigurationList;
			buildConfigurations = (
				985FC5AE286A2A1B0023F5FE /* Debug */,
				985FC5AF286A2A1B0023F5FE /* Release */,
			);
			defaultConfigurationIsVisible = 0;
			defaultConfigurationName = Release;
		};
/* End XCConfigurationList section */
	};
	rootObject = 985FC570286A2A1A0023F5FE /* Project object */;
}
